// !$*UTF8*$!
{
	archiveVersion = 1;
	classes = {
	};
	objectVersion = 46;
	objects = {

/* Begin PBXBuildFile section */
		4F43E722199094E700292D99 /* AppDelegate.swift in Sources */ = {isa = PBXBuildFile; fileRef = 4F43E721199094E700292D99 /* AppDelegate.swift */; };
		4F43E724199094E700292D99 /* FirstViewController.swift in Sources */ = {isa = PBXBuildFile; fileRef = 4F43E723199094E700292D99 /* FirstViewController.swift */; };
		4F43E726199094E700292D99 /* SecondViewController.swift in Sources */ = {isa = PBXBuildFile; fileRef = 4F43E725199094E700292D99 /* SecondViewController.swift */; };
		4F43E729199094E700292D99 /* Main.storyboard in Resources */ = {isa = PBXBuildFile; fileRef = 4F43E727199094E700292D99 /* Main.storyboard */; };
		4F43E72B199094E800292D99 /* Images.xcassets in Resources */ = {isa = PBXBuildFile; fileRef = 4F43E72A199094E800292D99 /* Images.xcassets */; };
		4F43E737199094E800292D99 /* OutboxTests.swift in Sources */ = {isa = PBXBuildFile; fileRef = 4F43E736199094E800292D99 /* OutboxTests.swift */; };
/* End PBXBuildFile section */

/* Begin PBXContainerItemProxy section */
		4F43E731199094E800292D99 /* PBXContainerItemProxy */ = {
			isa = PBXContainerItemProxy;
			containerPortal = 4F43E714199094E700292D99 /* Project object */;
			proxyType = 1;
			remoteGlobalIDString = 4F43E71B199094E700292D99;
			remoteInfo = Outbox;
		};
/* End PBXContainerItemProxy section */

/* Begin PBXFileReference section */
		4F43E71C199094E700292D99 /* Outbox.app */ = {isa = PBXFileReference; explicitFileType = wrapper.application; includeInIndex = 0; path = Outbox.app; sourceTree = BUILT_PRODUCTS_DIR; };
		4F43E720199094E700292D99 /* Info.plist */ = {isa = PBXFileReference; lastKnownFileType = text.plist.xml; path = Info.plist; sourceTree = "<group>"; };
		4F43E721199094E700292D99 /* AppDelegate.swift */ = {isa = PBXFileReference; lastKnownFileType = sourcecode.swift; path = AppDelegate.swift; sourceTree = "<group>"; };
		4F43E723199094E700292D99 /* FirstViewController.swift */ = {isa = PBXFileReference; lastKnownFileType = sourcecode.swift; path = FirstViewController.swift; sourceTree = "<group>"; };
		4F43E725199094E700292D99 /* SecondViewController.swift */ = {isa = PBXFileReference; lastKnownFileType = sourcecode.swift; path = SecondViewController.swift; sourceTree = "<group>"; };
		4F43E728199094E700292D99 /* Base */ = {isa = PBXFileReference; lastKnownFileType = file.storyboard; name = Base; path = Base.lproj/Main.storyboard; sourceTree = "<group>"; };
		4F43E72A199094E800292D99 /* Images.xcassets */ = {isa = PBXFileReference; lastKnownFileType = folder.assetcatalog; path = Images.xcassets; sourceTree = "<group>"; };
		4F43E730199094E800292D99 /* OutboxTests.xctest */ = {isa = PBXFileReference; explicitFileType = wrapper.cfbundle; includeInIndex = 0; path = OutboxTests.xctest; sourceTree = BUILT_PRODUCTS_DIR; };
		4F43E735199094E800292D99 /* Info.plist */ = {isa = PBXFileReference; lastKnownFileType = text.plist.xml; path = Info.plist; sourceTree = "<group>"; };
		4F43E736199094E800292D99 /* OutboxTests.swift */ = {isa = PBXFileReference; lastKnownFileType = sourcecode.swift; path = OutboxTests.swift; sourceTree = "<group>"; };
/* End PBXFileReference section */

/* Begin PBXFrameworksBuildPhase section */
		4F43E719199094E700292D99 /* Frameworks */ = {
			isa = PBXFrameworksBuildPhase;
			buildActionMask = 2147483647;
			files = (
			);
			runOnlyForDeploymentPostprocessing = 0;
		};
		4F43E72D199094E800292D99 /* Frameworks */ = {
			isa = PBXFrameworksBuildPhase;
			buildActionMask = 2147483647;
			files = (
			);
			runOnlyForDeploymentPostprocessing = 0;
		};
/* End PBXFrameworksBuildPhase section */

/* Begin PBXGroup section */
		4F43E713199094E700292D99 = {
			isa = PBXGroup;
			children = (
				4F43E71E199094E700292D99 /* Outbox */,
				4F43E733199094E800292D99 /* OutboxTests */,
				4F43E71D199094E700292D99 /* Products */,
			);
			sourceTree = "<group>";
		};
		4F43E71D199094E700292D99 /* Products */ = {
			isa = PBXGroup;
			children = (
				4F43E71C199094E700292D99 /* Outbox.app */,
				4F43E730199094E800292D99 /* OutboxTests.xctest */,
			);
			name = Products;
			sourceTree = "<group>";
		};
		4F43E71E199094E700292D99 /* Outbox */ = {
			isa = PBXGroup;
			children = (
				4F43E721199094E700292D99 /* AppDelegate.swift */,
				4F43E723199094E700292D99 /* FirstViewController.swift */,
				4F43E725199094E700292D99 /* SecondViewController.swift */,
				4F43E727199094E700292D99 /* Main.storyboard */,
				4F43E72A199094E800292D99 /* Images.xcassets */,
				4F43E71F199094E700292D99 /* Supporting Files */,
			);
			path = Outbox;
			sourceTree = "<group>";
		};
		4F43E71F199094E700292D99 /* Supporting Files */ = {
			isa = PBXGroup;
			children = (
				4F43E720199094E700292D99 /* Info.plist */,
			);
			name = "Supporting Files";
			sourceTree = "<group>";
		};
		4F43E733199094E800292D99 /* OutboxTests */ = {
			isa = PBXGroup;
			children = (
				4F43E736199094E800292D99 /* OutboxTests.swift */,
				4F43E734199094E800292D99 /* Supporting Files */,
			);
			path = OutboxTests;
			sourceTree = "<group>";
		};
		4F43E734199094E800292D99 /* Supporting Files */ = {
			isa = PBXGroup;
			children = (
				4F43E735199094E800292D99 /* Info.plist */,
			);
			name = "Supporting Files";
			sourceTree = "<group>";
		};
/* End PBXGroup section */

/* Begin PBXNativeTarget section */
		4F43E71B199094E700292D99 /* Outbox */ = {
			isa = PBXNativeTarget;
			buildConfigurationList = 4F43E73A199094E800292D99 /* Build configuration list for PBXNativeTarget "Outbox" */;
			buildPhases = (
				4F43E718199094E700292D99 /* Sources */,
				4F43E719199094E700292D99 /* Frameworks */,
				4F43E71A199094E700292D99 /* Resources */,
			);
			buildRules = (
			);
			dependencies = (
			);
			name = Outbox;
			productName = Outbox;
			productReference = 4F43E71C199094E700292D99 /* Outbox.app */;
			productType = "com.apple.product-type.application";
		};
		4F43E72F199094E800292D99 /* OutboxTests */ = {
			isa = PBXNativeTarget;
			buildConfigurationList = 4F43E73D199094E800292D99 /* Build configuration list for PBXNativeTarget "OutboxTests" */;
			buildPhases = (
				4F43E72C199094E800292D99 /* Sources */,
				4F43E72D199094E800292D99 /* Frameworks */,
				4F43E72E199094E800292D99 /* Resources */,
			);
			buildRules = (
			);
			dependencies = (
				4F43E732199094E800292D99 /* PBXTargetDependency */,
			);
			name = OutboxTests;
			productName = OutboxTests;
			productReference = 4F43E730199094E800292D99 /* OutboxTests.xctest */;
			productType = "com.apple.product-type.bundle.unit-test";
		};
/* End PBXNativeTarget section */

/* Begin PBXProject section */
		4F43E714199094E700292D99 /* Project object */ = {
			isa = PBXProject;
			attributes = {
				LastUpgradeCheck = 0600;
				ORGANIZATIONNAME = "Derek Hunten";
				TargetAttributes = {
					4F43E71B199094E700292D99 = {
						CreatedOnToolsVersion = 6.0;
					};
					4F43E72F199094E800292D99 = {
						CreatedOnToolsVersion = 6.0;
						TestTargetID = 4F43E71B199094E700292D99;
					};
				};
			};
			buildConfigurationList = 4F43E717199094E700292D99 /* Build configuration list for PBXProject "Outbox" */;
			compatibilityVersion = "Xcode 3.2";
			developmentRegion = English;
			hasScannedForEncodings = 0;
			knownRegions = (
				en,
				Base,
			);
			mainGroup = 4F43E713199094E700292D99;
			productRefGroup = 4F43E71D199094E700292D99 /* Products */;
			projectDirPath = "";
			projectRoot = "";
			targets = (
				4F43E71B199094E700292D99 /* Outbox */,
				4F43E72F199094E800292D99 /* OutboxTests */,
			);
		};
/* End PBXProject section */

/* Begin PBXResourcesBuildPhase section */
		4F43E71A199094E700292D99 /* Resources */ = {
			isa = PBXResourcesBuildPhase;
			buildActionMask = 2147483647;
			files = (
				4F43E729199094E700292D99 /* Main.storyboard in Resources */,
				4F43E72B199094E800292D99 /* Images.xcassets in Resources */,
			);
			runOnlyForDeploymentPostprocessing = 0;
		};
		4F43E72E199094E800292D99 /* Resources */ = {
			isa = PBXResourcesBuildPhase;
			buildActionMask = 2147483647;
			files = (
			);
			runOnlyForDeploymentPostprocessing = 0;
		};
/* End PBXResourcesBuildPhase section */

/* Begin PBXSourcesBuildPhase section */
		4F43E718199094E700292D99 /* Sources */ = {
			isa = PBXSourcesBuildPhase;
			buildActionMask = 2147483647;
			files = (
				4F43E726199094E700292D99 /* SecondViewController.swift in Sources */,
				4F43E722199094E700292D99 /* AppDelegate.swift in Sources */,
				4F43E724199094E700292D99 /* FirstViewController.swift in Sources */,
			);
			runOnlyForDeploymentPostprocessing = 0;
		};
		4F43E72C199094E800292D99 /* Sources */ = {
			isa = PBXSourcesBuildPhase;
			buildActionMask = 2147483647;
			files = (
				4F43E737199094E800292D99 /* OutboxTests.swift in Sources */,
			);
			runOnlyForDeploymentPostprocessing = 0;
		};
/* End PBXSourcesBuildPhase section */

/* Begin PBXTargetDependency section */
		4F43E732199094E800292D99 /* PBXTargetDependency */ = {
			isa = PBXTargetDependency;
			target = 4F43E71B199094E700292D99 /* Outbox */;
			targetProxy = 4F43E731199094E800292D99 /* PBXContainerItemProxy */;
		};
/* End PBXTargetDependency section */

/* Begin PBXVariantGroup section */
		4F43E727199094E700292D99 /* Main.storyboard */ = {
			isa = PBXVariantGroup;
			children = (
				4F43E728199094E700292D99 /* Base */,
			);
			name = Main.storyboard;
			sourceTree = "<group>";
		};
/* End PBXVariantGroup section */

/* Begin XCBuildConfiguration section */
		4F43E738199094E800292D99 /* Debug */ = {
			isa = XCBuildConfiguration;
			buildSettings = {
				ALWAYS_SEARCH_USER_PATHS = NO;
				CLANG_CXX_LANGUAGE_STANDARD = "gnu++0x";
				CLANG_CXX_LIBRARY = "libc++";
				CLANG_ENABLE_MODULES = YES;
				CLANG_ENABLE_OBJC_ARC = YES;
				CLANG_WARN_BOOL_CONVERSION = YES;
				CLANG_WARN_CONSTANT_CONVERSION = YES;
				CLANG_WARN_DIRECT_OBJC_ISA_USAGE = YES_ERROR;
				CLANG_WARN_EMPTY_BODY = YES;
				CLANG_WARN_ENUM_CONVERSION = YES;
				CLANG_WARN_INT_CONVERSION = YES;
				CLANG_WARN_OBJC_ROOT_CLASS = YES_ERROR;
				CLANG_WARN_UNREACHABLE_CODE = YES;
				CLANG_WARN__DUPLICATE_METHOD_MATCH = YES;
				"CODE_SIGN_IDENTITY[sdk=iphoneos*]" = "iPhone Developer";
				COPY_PHASE_STRIP = NO;
				ENABLE_STRICT_OBJC_MSGSEND = YES;
				GCC_C_LANGUAGE_STANDARD = gnu99;
				GCC_DYNAMIC_NO_PIC = NO;
				GCC_OPTIMIZATION_LEVEL = 0;
				GCC_PREPROCESSOR_DEFINITIONS = (
					"DEBUG=1",
					"$(inherited)",
				);
				GCC_SYMBOLS_PRIVATE_EXTERN = NO;
				GCC_WARN_64_TO_32_BIT_CONVERSION = YES;
				GCC_WARN_ABOUT_RETURN_TYPE = YES_ERROR;
				GCC_WARN_UNDECLARED_SELECTOR = YES;
				GCC_WARN_UNINITIALIZED_AUTOS = YES_AGGRESSIVE;
				GCC_WARN_UNUSED_FUNCTION = YES;
				GCC_WARN_UNUSED_VARIABLE = YES;
				IPHONEOS_DEPLOYMENT_TARGET = 8.0;
				MTL_ENABLE_DEBUG_INFO = YES;
				ONLY_ACTIVE_ARCH = YES;
				SDKROOT = iphoneos;
				SWIFT_OPTIMIZATION_LEVEL = "-Onone";
			};
			name = Debug;
		};
		4F43E739199094E800292D99 /* Release */ = {
			isa = XCBuildConfiguration;
			buildSettings = {
				ALWAYS_SEARCH_USER_PATHS = NO;
				CLANG_CXX_LANGUAGE_STANDARD = "gnu++0x";
				CLANG_CXX_LIBRARY = "libc++";
				CLANG_ENABLE_MODULES = YES;
				CLANG_ENABLE_OBJC_ARC = YES;
				CLANG_WARN_BOOL_CONVERSION = YES;
				CLANG_WARN_CONSTANT_CONVERSION = YES;
				CLANG_WARN_DIRECT_OBJC_ISA_USAGE = YES_ERROR;
				CLANG_WARN_EMPTY_BODY = YES;
				CLANG_WARN_ENUM_CONVERSION = YES;
				CLANG_WARN_INT_CONVERSION = YES;
				CLANG_WARN_OBJC_ROOT_CLASS = YES_ERROR;
				CLANG_WARN_UNREACHABLE_CODE = YES;
				CLANG_WARN__DUPLICATE_METHOD_MATCH = YES;
				"CODE_SIGN_IDENTITY[sdk=iphoneos*]" = "iPhone Developer";
				COPY_PHASE_STRIP = YES;
				ENABLE_NS_ASSERTIONS = NO;
				ENABLE_STRICT_OBJC_MSGSEND = YES;
				GCC_C_LANGUAGE_STANDARD = gnu99;
				GCC_WARN_64_TO_32_BIT_CONVERSION = YES;
				GCC_WARN_ABOUT_RETURN_TYPE = YES_ERROR;
				GCC_WARN_UNDECLARED_SELECTOR = YES;
				GCC_WARN_UNINITIALIZED_AUTOS = YES_AGGRESSIVE;
				GCC_WARN_UNUSED_FUNCTION = YES;
				GCC_WARN_UNUSED_VARIABLE = YES;
				IPHONEOS_DEPLOYMENT_TARGET = 8.0;
				MTL_ENABLE_DEBUG_INFO = NO;
				SDKROOT = iphoneos;
				VALIDATE_PRODUCT = YES;
			};
			name = Release;
		};
		4F43E73B199094E800292D99 /* Debug */ = {
			isa = XCBuildConfiguration;
			buildSettings = {
				ASSETCATALOG_COMPILER_APPICON_NAME = AppIcon;
				ASSETCATALOG_COMPILER_LAUNCHIMAGE_NAME = LaunchImage;
				INFOPLIST_FILE = Outbox/Info.plist;
				LD_RUNPATH_SEARCH_PATHS = "$(inherited) @executable_path/Frameworks";
				PRODUCT_NAME = "$(TARGET_NAME)";
			};
			name = Debug;
		};
		4F43E73C199094E800292D99 /* Release */ = {
			isa = XCBuildConfiguration;
			buildSettings = {
				ASSETCATALOG_COMPILER_APPICON_NAME = AppIcon;
				ASSETCATALOG_COMPILER_LAUNCHIMAGE_NAME = LaunchImage;
				INFOPLIST_FILE = Outbox/Info.plist;
				LD_RUNPATH_SEARCH_PATHS = "$(inherited) @executable_path/Frameworks";
				PRODUCT_NAME = "$(TARGET_NAME)";
			};
			name = Release;
		};
		4F43E73E199094E800292D99 /* Debug */ = {
			isa = XCBuildConfiguration;
			buildSettings = {
				BUNDLE_LOADER = "$(BUILT_PRODUCTS_DIR)/Outbox.app/Outbox";
				FRAMEWORK_SEARCH_PATHS = (
					"$(SDKROOT)/Developer/Library/Frameworks",
					"$(inherited)",
				);
				GCC_PREPROCESSOR_DEFINITIONS = (
					"DEBUG=1",
					"$(inherited)",
				);
				INFOPLIST_FILE = OutboxTests/Info.plist;
				LD_RUNPATH_SEARCH_PATHS = "$(inherited) @executable_path/Frameworks @loader_path/Frameworks";
				PRODUCT_NAME = "$(TARGET_NAME)";
				TEST_HOST = "$(BUNDLE_LOADER)";
			};
			name = Debug;
		};
		4F43E73F199094E800292D99 /* Release */ = {
			isa = XCBuildConfiguration;
			buildSettings = {
				BUNDLE_LOADER = "$(BUILT_PRODUCTS_DIR)/Outbox.app/Outbox";
				FRAMEWORK_SEARCH_PATHS = (
					"$(SDKROOT)/Developer/Library/Frameworks",
					"$(inherited)",
				);
				INFOPLIST_FILE = OutboxTests/Info.plist;
				LD_RUNPATH_SEARCH_PATHS = "$(inherited) @executable_path/Frameworks @loader_path/Frameworks";
				PRODUCT_NAME = "$(TARGET_NAME)";
				TEST_HOST = "$(BUNDLE_LOADER)";
			};
			name = Release;
		};
/* End XCBuildConfiguration section */

/* Begin XCConfigurationList section */
		4F43E717199094E700292D99 /* Build configuration list for PBXProject "Outbox" */ = {
			isa = XCConfigurationList;
			buildConfigurations = (
				4F43E738199094E800292D99 /* Debug */,
				4F43E739199094E800292D99 /* Release */,
			);
			defaultConfigurationIsVisible = 0;
			defaultConfigurationName = Release;
		};
		4F43E73A199094E800292D99 /* Build configuration list for PBXNativeTarget "Outbox" */ = {
			isa = XCConfigurationList;
			buildConfigurations = (
				4F43E73B199094E800292D99 /* Debug */,
				4F43E73C199094E800292D99 /* Release */,
			);
			defaultConfigurationIsVisible = 0;
		};
		4F43E73D199094E800292D99 /* Build configuration list for PBXNativeTarget "OutboxTests" */ = {
			isa = XCConfigurationList;
			buildConfigurations = (
				4F43E73E199094E800292D99 /* Debug */,
				4F43E73F199094E800292D99 /* Release */,
			);
			defaultConfigurationIsVisible = 0;
		};
/* End XCConfigurationList section */
	};
	rootObject = 4F43E714199094E700292D99 /* Project object */;
}
